# This file is automatically @generated by Cargo.
# It is not intended for manual editing.
[[package]]
name = "getopt_rs"
version = "0.1.0"
source = "registry+https://github.com/rust-lang/crates.io-index"
checksum = "dd82efbec74b3f22febb92eb95feb77fed1b0f2622bf4cbe7ad2dff1257f878b"

[[package]]
name = "mf"
version = "0.1.0"
dependencies = [
 "getopt_rs",
]
