# This file is automatically @generated by Cargo.
# It is not intended for manual editing.
[[package]]
name = "getopt_rs"
version = "0.1.1"
source = "registry+https://github.com/rust-lang/crates.io-index"
checksum = "537745a10a8973627f0844e55afa098a97e396281dc25f03dfb13854d811ec79"

[[package]]
name = "mf"
version = "0.1.0"
dependencies = [
 "getopt_rs",
]
